{"filter":false,"title":"package-lock.json","tooltip":"/docker/node-docker/package-lock.json","undoManager":{"mark":-1,"position":-1,"stack":[]},"ace":{"folds":[],"scrolltop":0,"scrollleft":0,"selection":{"start":{"row":0,"column":0},"end":{"row":0,"column":0},"isBackwards":false},"options":{"guessTabSize":true,"useWrapMode":false,"wrapToView":true},"firstLineState":0},"timestamp":1687239631580,"hash":"acee8b7bd8cd8bfe9dd680aa26de1f131971ccfc"}